version = 1
revision = 3
requires-python = ">=3.14"

[[package]]
name = "auto-folder-screenshot"
version = "0.1.0"
source = { virtual = "." }
dependencies = [
    { name = "mss" },
    { name = "pypiwin32" },
    { name = "pywin32" },
    { name = "setuptools" },
    { name = "typing-extensions" },
    { name = "win11toast" },
    { name = "winrt-runtime" },
    { name = "winrt-windows-data-xml-dom" },
    { name = "winrt-windows-foundation" },
    { name = "winrt-windows-foundation-collections" },
    { name = "winrt-windows-globalization" },
    { name = "winrt-windows-graphics-imaging" },
    { name = "winrt-windows-media-core" },
    { name = "winrt-windows-media-ocr" },
    { name = "winrt-windows-media-playback" },
    { name = "winrt-windows-media-speechsynthesis" },
    { name = "winrt-windows-storage" },
    { name = "winrt-windows-storage-streams" },
    { name = "winrt-windows-ui-notifications" },
]

[package.metadata]
requires-dist = [
    { name = "mss", specifier = "==10.1.0" },
    { name = "pypiwin32", specifier = "==223" },
    { name = "pywin32", specifier = "==311" },
    { name = "setuptools", specifier = "==80.9.0" },
    { name = "typing-extensions", specifier = "==4.15.0" },
    { name = "win11toast", specifier = "==0.36.2" },
    { name = "winrt-runtime", specifier = "==3.2.1" },
    { name = "winrt-windows-data-xml-dom", specifier = "==3.2.1" },
    { name = "winrt-windows-foundation", specifier = "==3.2.1" },
    { name = "winrt-windows-foundation-collections", specifier = "==3.2.1" },
    { name = "winrt-windows-globalization", specifier = "==3.2.1" },
    { name = "winrt-windows-graphics-imaging", specifier = "==3.2.1" },
    { name = "winrt-windows-media-core", specifier = "==3.2.1" },
    { name = "winrt-windows-media-ocr", specifier = "==3.2.1" },
    { name = "winrt-windows-media-playback", specifier = "==3.2.1" },
    { name = "winrt-windows-media-speechsynthesis", specifier = "==3.2.1" },
    { name = "winrt-windows-storage", specifier = "==3.2.1" },
    { name = "winrt-windows-storage-streams", specifier = "==3.2.1" },
    { name = "winrt-windows-ui-notifications", specifier = "==3.2.1" },
]

[[package]]
name = "mss"
version = "10.1.0"
source = { registry = "https://pypi.org/simple" }
sdist = { url = "https://files.pythonhosted.org/packages/40/ca/49b67437a8c46d9732c9c274d7b1fc0c181cfe290d699a0c5e94701dfe79/mss-10.1.0.tar.gz", hash = "sha256:7182baf7ee16ca569e2804028b6ab9bcbf6be5c46fc2880840f33b513b9cb4f8", size = 84200, upload-time = "2025-08-16T12:11:00.119Z" }
wheels = [
    { url = "https://files.pythonhosted.org/packages/23/28/1e3e5cd1d677cca68b26166f704f72e35b1e8b6d5076d8ebeebc4e40a649/mss-10.1.0-py3-none-any.whl", hash = "sha256:9179c110cadfef5dc6dc4a041a0cd161c74c379218648e6640b48c6b5cfe8918", size = 24525, upload-time = "2025-08-16T12:10:59.111Z" },
]

[[package]]
name = "pypiwin32"
version = "223"
source = { registry = "https://pypi.org/simple" }
dependencies = [
    { name = "pywin32" },
]
sdist = { url = "https://files.pythonhosted.org/packages/13/e8/4f38eb30c4dae36634a53c5b2cd73b517ea3607e10d00f61f2494449cec0/pypiwin32-223.tar.gz", hash = "sha256:71be40c1fbd28594214ecaecb58e7aa8b708eabfa0125c8a109ebd51edbd776a", size = 622, upload-time = "2018-02-26T00:43:23.994Z" }
wheels = [
    { url = "https://files.pythonhosted.org/packages/d0/1b/2f292bbd742e369a100c91faa0483172cd91a1a422a6692055ac920946c5/pypiwin32-223-py3-none-any.whl", hash = "sha256:67adf399debc1d5d14dffc1ab5acacb800da569754fafdc576b2a039485aa775", size = 1674, upload-time = "2018-02-26T00:43:23.108Z" },
]

[[package]]
name = "pywin32"
version = "311"
source = { registry = "https://pypi.org/simple" }
wheels = [
    { url = "https://files.pythonhosted.org/packages/c9/31/097f2e132c4f16d99a22bfb777e0fd88bd8e1c634304e102f313af69ace5/pywin32-311-cp314-cp314-win32.whl", hash = "sha256:b7a2c10b93f8986666d0c803ee19b5990885872a7de910fc460f9b0c2fbf92ee", size = 8840714, upload-time = "2025-07-14T20:13:32.449Z" },
    { url = "https://files.pythonhosted.org/packages/90/4b/07c77d8ba0e01349358082713400435347df8426208171ce297da32c313d/pywin32-311-cp314-cp314-win_amd64.whl", hash = "sha256:3aca44c046bd2ed8c90de9cb8427f581c479e594e99b5c0bb19b29c10fd6cb87", size = 9656800, upload-time = "2025-07-14T20:13:34.312Z" },
    { url = "https://files.pythonhosted.org/packages/c0/d2/21af5c535501a7233e734b8af901574572da66fcc254cb35d0609c9080dd/pywin32-311-cp314-cp314-win_arm64.whl", hash = "sha256:a508e2d9025764a8270f93111a970e1d0fbfc33f4153b388bb649b7eec4f9b42", size = 8932540, upload-time = "2025-07-14T20:13:36.379Z" },
]

[[package]]
name = "setuptools"
version = "80.9.0"
source = { registry = "https://pypi.org/simple" }
sdist = { url = "https://files.pythonhosted.org/packages/18/5d/3bf57dcd21979b887f014ea83c24ae194cfcd12b9e0fda66b957c69d1fca/setuptools-80.9.0.tar.gz", hash = "sha256:f36b47402ecde768dbfafc46e8e4207b4360c654f1f3bb84475f0a28628fb19c", size = 1319958, upload-time = "2025-05-27T00:56:51.443Z" }
wheels = [
    { url = "https://files.pythonhosted.org/packages/a3/dc/17031897dae0efacfea57dfd3a82fdd2a2aeb58e0ff71b77b87e44edc772/setuptools-80.9.0-py3-none-any.whl", hash = "sha256:062d34222ad13e0cc312a4c02d73f059e86a4acbfbdea8f8f76b28c99f306922", size = 1201486, upload-time = "2025-05-27T00:56:49.664Z" },
]

[[package]]
name = "typing-extensions"
version = "4.15.0"
source = { registry = "https://pypi.org/simple" }
sdist = { url = "https://files.pythonhosted.org/packages/72/94/1a15dd82efb362ac84269196e94cf00f187f7ed21c242792a923cdb1c61f/typing_extensions-4.15.0.tar.gz", hash = "sha256:0cea48d173cc12fa28ecabc3b837ea3cf6f38c6d1136f85cbaaf598984861466", size = 109391, upload-time = "2025-08-25T13:49:26.313Z" }
wheels = [
    { url = "https://files.pythonhosted.org/packages/18/67/36e9267722cc04a6b9f15c7f3441c2363321a3ea07da7ae0c0707beb2a9c/typing_extensions-4.15.0-py3-none-any.whl", hash = "sha256:f0fa19c6845758ab08074a0cfa8b7aecb71c999ca73d62883bc25cc018c4e548", size = 44614, upload-time = "2025-08-25T13:49:24.86Z" },
]

[[package]]
name = "win11toast"
version = "0.36.2"
source = { registry = "https://pypi.org/simple" }
dependencies = [
    { name = "winrt-windows-data-xml-dom" },
    { name = "winrt-windows-foundation" },
    { name = "winrt-windows-foundation-collections" },
    { name = "winrt-windows-globalization" },
    { name = "winrt-windows-graphics-imaging" },
    { name = "winrt-windows-media-core" },
    { name = "winrt-windows-media-ocr" },
    { name = "winrt-windows-media-playback" },
    { name = "winrt-windows-media-speechsynthesis" },
    { name = "winrt-windows-storage" },
    { name = "winrt-windows-storage-streams" },
    { name = "winrt-windows-ui-notifications" },
]
sdist = { url = "https://files.pythonhosted.org/packages/ec/80/5940a0d01ad67ea9aaee2c491714de604688715e0821c07adcc24a754e05/win11toast-0.36.2.tar.gz", hash = "sha256:0c96b08853d0e06cb69ee9266ed706fa3379a6321026e5b11fcfa67432310cfd", size = 10365, upload-time = "2025-09-24T13:02:25.055Z" }
wheels = [
    { url = "https://files.pythonhosted.org/packages/6f/61/59cae78653175fdc9a3e2e9cfb2cf689c605da21194a722f1133d3fa3759/win11toast-0.36.2-py3-none-any.whl", hash = "sha256:6dd93689db3ea572ef1c68d257eb2829bb64d19d7ada7f8220d1ec1bd12ddc37", size = 10107, upload-time = "2025-09-24T13:02:24.282Z" },
]

[[package]]
name = "winrt-runtime"
version = "3.2.1"
source = { registry = "https://pypi.org/simple" }
dependencies = [
    { name = "typing-extensions" },
]
sdist = { url = "https://files.pythonhosted.org/packages/16/dd/acdd527c1d890c8f852cc2af644aa6c160974e66631289420aa871b05e65/winrt_runtime-3.2.1.tar.gz", hash = "sha256:c8dca19e12b234ae6c3dadf1a4d0761b51e708457492c13beb666556958801ea", size = 21721, upload-time = "2025-06-06T14:40:27.593Z" }
wheels = [
    { url = "https://files.pythonhosted.org/packages/c8/87/88bd98419a9da77a68e030593fee41702925a7ad8a8aec366945258cbb31/winrt_runtime-3.2.1-cp314-cp314-win32.whl", hash = "sha256:9b6298375468ac2f6815d0c008a059fc16508c8f587e824c7936ed9216480dad", size = 210257, upload-time = "2025-09-20T07:06:41.054Z" },
    { url = "https://files.pythonhosted.org/packages/87/85/e5c2a10d287edd9d3ee8dc24bf7d7f335636b92bf47119768b7dd2fd1669/winrt_runtime-3.2.1-cp314-cp314-win_amd64.whl", hash = "sha256:e36e587ab5fd681ee472cd9a5995743f75107a1a84d749c64f7e490bc86bc814", size = 241873, upload-time = "2025-09-20T07:06:42.059Z" },
    { url = "https://files.pythonhosted.org/packages/52/2a/eb9e78397132175f70dd51dfa4f93e489c17d6b313ae9dce60369b8d84a7/winrt_runtime-3.2.1-cp314-cp314-win_arm64.whl", hash = "sha256:35d6241a2ebd5598e4788e69768b8890ee1eee401a819865767a1fbdd3e9a650", size = 416222, upload-time = "2025-09-20T07:06:43.376Z" },
]

[[package]]
name = "winrt-windows-data-xml-dom"
version = "3.2.1"
source = { registry = "https://pypi.org/simple" }
dependencies = [
    { name = "winrt-runtime" },
]
sdist = { url = "https://files.pythonhosted.org/packages/cc/11/6b1e59abf5f8f0cba1fee13447c9d077d144332b9b664bb236fdfa878558/winrt_windows_data_xml_dom-3.2.1.tar.gz", hash = "sha256:db81f5956bf63ce8c9d8bfb6d0794ab2849f26e62a6256b833af8de3d6451399", size = 50032, upload-time = "2025-06-06T14:41:15.877Z" }
wheels = [
    { url = "https://files.pythonhosted.org/packages/a2/e1/22556c7dd4d777c35a270d776a87c4de7e8316d91b51888816e565d4f1f0/winrt_windows_data_xml_dom-3.2.1-cp314-cp314-win32.whl", hash = "sha256:77258030a725a32359fd2a93855cafa0e3f3f38e67afd5dfe74a8a215cbb31c4", size = 160792, upload-time = "2025-09-20T07:09:36.528Z" },
    { url = "https://files.pythonhosted.org/packages/ab/d2/3a4b7e38feafdec21cb044e0c1ee2c76a71cfbda02bfedcc50634e9fb652/winrt_windows_data_xml_dom-3.2.1-cp314-cp314-win_amd64.whl", hash = "sha256:1cf1b6f31fff4e4c0ae30f1643b169da72b3b053a2996010f2c3a1e26b5d4970", size = 189170, upload-time = "2025-09-20T07:09:37.441Z" },
    { url = "https://files.pythonhosted.org/packages/45/cc/9d301892e9a640a63ac56f565d38d5897002598e18acdfbd4ed168836ab3/winrt_windows_data_xml_dom-3.2.1-cp314-cp314-win_arm64.whl", hash = "sha256:6de83f853d889444e4897413c2fa8183f86aa602edd34abf36a4fdc69db1650e", size = 169804, upload-time = "2025-09-20T07:09:38.448Z" },
]

[[package]]
name = "winrt-windows-foundation"
version = "3.2.1"
source = { registry = "https://pypi.org/simple" }
dependencies = [
    { name = "winrt-runtime" },
]
sdist = { url = "https://files.pythonhosted.org/packages/0c/55/098ce7ea0679efcc1298b269c48768f010b6c68f90c588f654ec874c8a74/winrt_windows_foundation-3.2.1.tar.gz", hash = "sha256:ad2f1fcaa6c34672df45527d7c533731fdf65b67c4638c2b4aca949f6eec0656", size = 30485, upload-time = "2025-06-06T14:41:53.344Z" }
wheels = [
    { url = "https://files.pythonhosted.org/packages/e3/0a/d77346e39fe0c81f718cde49f83fe77c368c0e14c6418f72dfa1e7ef22d0/winrt_windows_foundation-3.2.1-cp314-cp314-win32.whl", hash = "sha256:35e973ab3c77c2a943e139302256c040e017fd6ff1a75911c102964603bba1da", size = 114590, upload-time = "2025-09-20T07:11:49.97Z" },
    { url = "https://files.pythonhosted.org/packages/a1/56/4d2b545bea0f34f68df6d4d4ca22950ff8a935497811dccdc0ca58737a05/winrt_windows_foundation-3.2.1-cp314-cp314-win_amd64.whl", hash = "sha256:a22a7ebcec0d262e60119cff728f32962a02df60471ded8b2735a655eccc0ef5", size = 122148, upload-time = "2025-09-20T07:11:50.826Z" },
    { url = "https://files.pythonhosted.org/packages/ed/ed/b9d3a11cac73444c0a3703200161cd7267dab5ab85fd00e1f965526e74a8/winrt_windows_foundation-3.2.1-cp314-cp314-win_arm64.whl", hash = "sha256:3be7fbae829b98a6a946db4fbaf356b11db1fbcbb5d4f37e7a73ac6b25de8b87", size = 114360, upload-time = "2025-09-20T07:11:51.626Z" },
]

[[package]]
name = "winrt-windows-foundation-collections"
version = "3.2.1"
source = { registry = "https://pypi.org/simple" }
dependencies = [
    { name = "winrt-runtime" },
]
sdist = { url = "https://files.pythonhosted.org/packages/ef/62/d21e3f1eeb8d47077887bbf0c3882c49277a84d8f98f7c12bda64d498a07/winrt_windows_foundation_collections-3.2.1.tar.gz", hash = "sha256:0eff1ad0d8d763ad17e9e7bbd0c26a62b27215016393c05b09b046d6503ae6d5", size = 16043, upload-time = "2025-06-06T14:41:53.983Z" }
wheels = [
    { url = "https://files.pythonhosted.org/packages/e1/47/b3301d964422d4611c181348149a7c5956a2a76e6339de451a000d4ae8e7/winrt_windows_foundation_collections-3.2.1-cp314-cp314-win32.whl", hash = "sha256:33188ed2d63e844c8adfbb82d1d3d461d64aaf78d225ce9c5930421b413c45ab", size = 62211, upload-time = "2025-09-20T07:11:52.411Z" },
    { url = "https://files.pythonhosted.org/packages/20/59/5f2c940ff606297129e93ebd6030c813e6a43a786de7fc33ccb268e0b06b/winrt_windows_foundation_collections-3.2.1-cp314-cp314-win_amd64.whl", hash = "sha256:d4cfece7e9c0ead2941e55a1da82f20d2b9c8003bb7a8853bb7f999b539f80a4", size = 70399, upload-time = "2025-09-20T07:11:53.254Z" },
    { url = "https://files.pythonhosted.org/packages/f8/2d/2c8eb89062c71d4be73d618457ed68e7e2ba29a660ac26349d44fc121cbf/winrt_windows_foundation_collections-3.2.1-cp314-cp314-win_arm64.whl", hash = "sha256:3884146fea13727510458f6a14040b7632d5d90127028b9bfd503c6c655d0c01", size = 61392, upload-time = "2025-09-20T07:11:53.993Z" },
]

[[package]]
name = "winrt-windows-globalization"
version = "3.2.1"
source = { registry = "https://pypi.org/simple" }
dependencies = [
    { name = "winrt-runtime" },
]
sdist = { url = "https://files.pythonhosted.org/packages/a8/aa/83c0bd92a9e9f0143d8698678b42956cab5c18118511d02a809b42776ed2/winrt_windows_globalization-3.2.1.tar.gz", hash = "sha256:bf81ba15b33b34d94f68c0c97a3916c57c5a624b55abf409811320dee2a4dab4", size = 25284, upload-time = "2025-06-06T14:42:01.91Z" }
wheels = [
    { url = "https://files.pythonhosted.org/packages/1b/f7/f9bda18a5355e6726415c43a1c1e158a5f28f5c0523c9692136db08bc2f0/winrt_windows_globalization-3.2.1-cp314-cp314-win32.whl", hash = "sha256:487772ddae211ad5dbe0364edc5443e1a091b713ed4cf67d753fb20e212065b4", size = 117338, upload-time = "2025-09-20T07:12:20.934Z" },
    { url = "https://files.pythonhosted.org/packages/3b/89/8da6d8bcc275063f7f7484c6fdaadfa4a00e42e399e90a80935db906d120/winrt_windows_globalization-3.2.1-cp314-cp314-win_amd64.whl", hash = "sha256:60761540a6acb1273ea024e98616996522f485075ae48e5954d797896c5e2fc2", size = 141802, upload-time = "2025-09-20T07:12:21.77Z" },
    { url = "https://files.pythonhosted.org/packages/cc/83/420b2eb571e095b498aad274d3a77518f7c2237f1dcdf39de826e175e46d/winrt_windows_globalization-3.2.1-cp314-cp314-win_arm64.whl", hash = "sha256:9cb07af0c26f2fdb144fd2806a6c0de30b6c78f3afdf5a574375dd77de4574ff", size = 120277, upload-time = "2025-09-20T07:12:22.564Z" },
]

[[package]]
name = "winrt-windows-graphics-imaging"
version = "3.2.1"
source = { registry = "https://pypi.org/simple" }
dependencies = [
    { name = "winrt-runtime" },
]
sdist = { url = "https://files.pythonhosted.org/packages/3c/90/14655f93d5cc4224ae6c44866c36928926b54c8fe7ae4a465b10332bd935/winrt_windows_graphics_imaging-3.2.1.tar.gz", hash = "sha256:1e0bdb08625b0ce144a2e76dd5ed86605906e41196df92d660c8f87a993a1513", size = 26786, upload-time = "2025-06-06T14:42:11.95Z" }
wheels = [
    { url = "https://files.pythonhosted.org/packages/03/f0/04e7c69a3869c1d5ad8b99ca488a1d2a08485c5bc0cc5952fd096ddc035f/winrt_windows_graphics_imaging-3.2.1-cp314-cp314-win32.whl", hash = "sha256:7e4a41592dc0f7e0275fe46f86d916cc15aa85afde4f08110b6aa19cfbc9265e", size = 138059, upload-time = "2025-09-20T07:13:00.847Z" },
    { url = "https://files.pythonhosted.org/packages/ab/1e/69b3d3b221545c0d47498d52e7080c1a791af80140f4fd622e673f5a5bc0/winrt_windows_graphics_imaging-3.2.1-cp314-cp314-win_amd64.whl", hash = "sha256:c9ed3f4805c205e15696993a4ee099ae36ccb4c4cbaa05415e8db1bf71d5ccc6", size = 146894, upload-time = "2025-09-20T07:13:01.764Z" },
    { url = "https://files.pythonhosted.org/packages/c4/8c/b4916433e2f4aeb1b7b1850367494593f9c51c9c21c3edc033a8e817db69/winrt_windows_graphics_imaging-3.2.1-cp314-cp314-win_arm64.whl", hash = "sha256:3b7f81a839e4c6a68cddc1ec89b02aa7ed5a8cb8e6f8e669a13a5771439a7568", size = 142316, upload-time = "2025-09-20T07:13:03.415Z" },
]

[[package]]
name = "winrt-windows-media-core"
version = "3.2.1"
source = { registry = "https://pypi.org/simple" }
dependencies = [
    { name = "winrt-runtime" },
]
sdist = { url = "https://files.pythonhosted.org/packages/e1/62/b0bb29c60f97351d93590490a77370b78e67caf1b61ac1a50f60396bc300/winrt_windows_media_core-3.2.1.tar.gz", hash = "sha256:a673cde3df58bb0798401a06c923e25da79dbd6f0c5486f29cdbe409f5730ed4", size = 65758, upload-time = "2025-06-06T14:42:30.581Z" }
wheels = [
    { url = "https://files.pythonhosted.org/packages/4e/5b/d09f89297a8f177d6131c4a26ea1b70cc492ac6c6b86ae77825015a204e4/winrt_windows_media_core-3.2.1-cp314-cp314-win32.whl", hash = "sha256:373622f840ca3abeae352322518c6f48b4f02500743eb02fcc0567fb2e5690ec", size = 294385, upload-time = "2025-09-20T07:14:10.311Z" },
    { url = "https://files.pythonhosted.org/packages/90/c1/826d118161869d83e0998fbc8b9e4ca2ad4d54074506d85e7ebbe98f5086/winrt_windows_media_core-3.2.1-cp314-cp314-win_amd64.whl", hash = "sha256:be35656c77705ddc061654da45f0b1e011ecfd4cd031a50ba5f639cdc47c3109", size = 313957, upload-time = "2025-09-20T07:14:11.223Z" },
    { url = "https://files.pythonhosted.org/packages/ff/83/0f5bd9cb34a9e550218bbfca521586887b082d6419cabd42d643a9bca951/winrt_windows_media_core-3.2.1-cp314-cp314-win_arm64.whl", hash = "sha256:aa3ad1c59f896e88d220f6bf65201ae061425cbf35beeb98456782b731f18c12", size = 317916, upload-time = "2025-09-20T07:14:12.295Z" },
]

[[package]]
name = "winrt-windows-media-ocr"
version = "3.2.1"
source = { registry = "https://pypi.org/simple" }
dependencies = [
    { name = "winrt-runtime" },
]
sdist = { url = "https://files.pythonhosted.org/packages/be/cd/43353a1ddc388cd9ae4ed9ca090d53239aa17f1210616a5dbf18957def41/winrt_windows_media_ocr-3.2.1.tar.gz", hash = "sha256:521e63c42073ee911f373aa24a67eea0f2903b3bb91febdbc34875b254f2b66e", size = 6674, upload-time = "2025-06-06T14:42:43.356Z" }
wheels = [
    { url = "https://files.pythonhosted.org/packages/81/ab/2542c775fda7ebca4629736d73d59c28fe3b5cd56ddfccb6b5e1f1232153/winrt_windows_media_ocr-3.2.1-cp314-cp314-win32.whl", hash = "sha256:c67fa675947e40f13c58ef4a1c49f8c779d3e6f1fdc91733a506a5e41ebf0007", size = 42227, upload-time = "2025-09-20T07:14:42.207Z" },
    { url = "https://files.pythonhosted.org/packages/f0/ce/719e981c55cec68feab1fab2e5012938c0846247ba3af30face2ca41a3ad/winrt_windows_media_ocr-3.2.1-cp314-cp314-win_amd64.whl", hash = "sha256:31a620f6704cf8a27bc38a5e4f7a7888c935aecc5443c6dfbfddca331259e2af", size = 43578, upload-time = "2025-09-20T07:14:42.936Z" },
    { url = "https://files.pythonhosted.org/packages/d4/52/c39c0d5cc1e9f506a09b28ad40c51a183cf62e454dc30fa17c1ef16554e5/winrt_windows_media_ocr-3.2.1-cp314-cp314-win_arm64.whl", hash = "sha256:e731cf200a4731f53c0e40fba72e0312e895f80ab4e3574dc45ef3b1e35509ef", size = 40765, upload-time = "2025-09-20T07:14:43.679Z" },
]

[[package]]
name = "winrt-windows-media-playback"
version = "3.2.1"
source = { registry = "https://pypi.org/simple" }
dependencies = [
    { name = "winrt-runtime" },
]
sdist = { url = "https://files.pythonhosted.org/packages/ec/5e/a498c98df1d59604c4b2f20c38a3faf6c225b22eb4ad739dca4a988d1f20/winrt_windows_media_playback-3.2.1.tar.gz", hash = "sha256:f16107755c28e23fd8827563eb3103fc4783d269402288b366b8d1a02d4948e4", size = 44488, upload-time = "2025-06-06T14:42:43.985Z" }
wheels = [
    { url = "https://files.pythonhosted.org/packages/f5/6c/a9a2e523130e683fb0d94363bec9e8d40560a75a6ba92d2c65a6e0ffe859/winrt_windows_media_playback-3.2.1-cp314-cp314-win32.whl", hash = "sha256:c954ca3ef9827a1cd9512da21cc3d4b2a7083d8d12909fcb99db8b954878996c", size = 179295, upload-time = "2025-09-20T07:14:44.417Z" },
    { url = "https://files.pythonhosted.org/packages/3c/fa/18628f39386ec24ced74fa246a2da434edb6a9a3d6cefb7e5e1307e7a309/winrt_windows_media_playback-3.2.1-cp314-cp314-win_amd64.whl", hash = "sha256:eee23df620cae49bac27d089ed7efa6de6908b7e4aa5e8c2251c3e6ee783e8f2", size = 188676, upload-time = "2025-09-20T07:14:45.347Z" },
    { url = "https://files.pythonhosted.org/packages/12/0d/c7f1ca56c02ec6d64fff8fad845013fcdd87823c08eb81ad16bde07dc8e5/winrt_windows_media_playback-3.2.1-cp314-cp314-win_arm64.whl", hash = "sha256:42283ccea1665aeaa441310afe705a5e003d3087783aeabf15c4c170bbfbbc54", size = 187297, upload-time = "2025-09-20T07:14:46.206Z" },
]

[[package]]
name = "winrt-windows-media-speechsynthesis"
version = "3.2.1"
source = { registry = "https://pypi.org/simple" }
dependencies = [
    { name = "winrt-runtime" },
]
sdist = { url = "https://files.pythonhosted.org/packages/37/fe/695531ded9c41fde6ce0d9aaa9279ad6489b51df8bd70559eef741c3e054/winrt_windows_media_speechsynthesis-3.2.1.tar.gz", hash = "sha256:22ee3ad568046ed51cca7d2583be9288e1274fbe4128445dde9be29dbda3c25e", size = 9534, upload-time = "2025-06-06T14:42:48.381Z" }
wheels = [
    { url = "https://files.pythonhosted.org/packages/e9/9c/9dc5ffa4e26f3970a1b159baa65d6c84a528b8a6c14c452ade870522300e/winrt_windows_media_speechsynthesis-3.2.1-cp314-cp314-win32.whl", hash = "sha256:e5735f27eedb33fa026200e95e104097117d915006c44e543b89b3bf40f384b6", size = 59481, upload-time = "2025-09-20T07:15:01.552Z" },
    { url = "https://files.pythonhosted.org/packages/b5/1d/4eeec0e6de68f771b69ae10c1c821bb991a4d12b8e58a67dba41451bb8bb/winrt_windows_media_speechsynthesis-3.2.1-cp314-cp314-win_amd64.whl", hash = "sha256:b7783f0a1053c4fedf2b53dc4ac84daf1463695d867a4d4e1fa6d46e073d13d2", size = 61944, upload-time = "2025-09-20T07:15:02.336Z" },
    { url = "https://files.pythonhosted.org/packages/67/7b/2287e52429866cd2a7ccaa4063e188b6e17e5328911403e430d8cf200849/winrt_windows_media_speechsynthesis-3.2.1-cp314-cp314-win_arm64.whl", hash = "sha256:0a7c1756c0a59ca7bdcef3a5a503dcf775cd3e94572d2bdc7cb51d6e72c33810", size = 59163, upload-time = "2025-09-20T07:15:03.19Z" },
]

[[package]]
name = "winrt-windows-storage"
version = "3.2.1"
source = { registry = "https://pypi.org/simple" }
dependencies = [
    { name = "winrt-runtime" },
]
sdist = { url = "https://files.pythonhosted.org/packages/cc/a6/430d4881d214647e2e6c95bb2894bb9202c98bff5f82eca6ba5b5e5d09a1/winrt_windows_storage-3.2.1.tar.gz", hash = "sha256:c7d1c2326fd842babbf98d944d4991b7592ee8433c762af0a8b47696437fae0b", size = 48309, upload-time = "2025-06-06T14:43:17.793Z" }
wheels = [
    { url = "https://files.pythonhosted.org/packages/1c/2e/7dfe8b9c740e6f20503e14d6f6c84d9174b0fb22c3e83d82071dd3d638e2/winrt_windows_storage-3.2.1-cp314-cp314-win32.whl", hash = "sha256:b7d5739001d435c914da3354e2c173d3f3bc48b344ebf294308685db82240376", size = 244742, upload-time = "2025-09-20T07:16:52.661Z" },
    { url = "https://files.pythonhosted.org/packages/36/0a/6e3474176fc2aa7a671000af8b7d2a10dc390cbd871f250e352dbefa79c4/winrt_windows_storage-3.2.1-cp314-cp314-win_amd64.whl", hash = "sha256:f4f1fff7846f934f53b4cdc7089faa6d21ced9bc993215e95c4fcc716da851e7", size = 272760, upload-time = "2025-09-20T07:16:53.61Z" },
    { url = "https://files.pythonhosted.org/packages/20/bb/02a0c692be2ea6d5bd4db1b3559e3eea96dae774826cc2bec6085f272bdb/winrt_windows_storage-3.2.1-cp314-cp314-win_arm64.whl", hash = "sha256:78d6191e1daabd4b6aff31b84cc890e5483f4e168bceb0ef6d099ec32af9b835", size = 275463, upload-time = "2025-09-20T07:16:54.597Z" },
]

[[package]]
name = "winrt-windows-storage-streams"
version = "3.2.1"
source = { registry = "https://pypi.org/simple" }
dependencies = [
    { name = "winrt-runtime" },
]
sdist = { url = "https://files.pythonhosted.org/packages/00/50/f4488b07281566e3850fcae1021f0285c9653992f60a915e15567047db63/winrt_windows_storage_streams-3.2.1.tar.gz", hash = "sha256:476f522722751eb0b571bc7802d85a82a3cae8b1cce66061e6e758f525e7b80f", size = 34335, upload-time = "2025-06-06T14:43:23.905Z" }
wheels = [
    { url = "https://files.pythonhosted.org/packages/55/70/2869ea2112c565caace73c9301afd1d7afcc49bdd37fac058f0178ba95d4/winrt_windows_storage_streams-3.2.1-cp314-cp314-win32.whl", hash = "sha256:5cd0dbad86fcc860366f6515fce97177b7eaa7069da261057be4813819ba37ee", size = 131701, upload-time = "2025-09-20T07:17:16.849Z" },
    { url = "https://files.pythonhosted.org/packages/f4/3d/aae50b1d0e37b5a61055759aedd42c6c99d7c17ab8c3e568ab33c0288938/winrt_windows_storage_streams-3.2.1-cp314-cp314-win_amd64.whl", hash = "sha256:3c5bf41d725369b9986e6d64bad7079372b95c329897d684f955d7028c7f27a0", size = 135566, upload-time = "2025-09-20T07:17:17.69Z" },
    { url = "https://files.pythonhosted.org/packages/bb/c3/6d3ce7a58e6c828e0795c9db8790d0593dd7fdf296e513c999150deb98d4/winrt_windows_storage_streams-3.2.1-cp314-cp314-win_arm64.whl", hash = "sha256:293e09825559d0929bbe5de01e1e115f7a6283d8996ab55652e5af365f032987", size = 134393, upload-time = "2025-09-20T07:17:18.802Z" },
]

[[package]]
name = "winrt-windows-ui-notifications"
version = "3.2.1"
source = { registry = "https://pypi.org/simple" }
dependencies = [
    { name = "winrt-runtime" },
]
sdist = { url = "https://files.pythonhosted.org/packages/fc/f9/4798657fd6999e6dae2c84876b40e91873ccd5f056b27c40ebd7f4ff11d8/winrt_windows_ui_notifications-3.2.1.tar.gz", hash = "sha256:eb29bf1c3306f3ceabd71d092b5505d5fe73fbc0660347dcc63ebc4204d34d21", size = 28942, upload-time = "2025-06-06T14:43:54.629Z" }
wheels = [
    { url = "https://files.pythonhosted.org/packages/68/43/c81672457002908b8c0f1e4672db1d0b8885c2894c6768fe9b0162af9ee5/winrt_windows_ui_notifications-3.2.1-cp314-cp314-win32.whl", hash = "sha256:00a7579ca0870134c27def1418c259fb18efe5b88aa399de85b4712f1add1b55", size = 157561, upload-time = "2025-09-20T07:19:10.162Z" },
    { url = "https://files.pythonhosted.org/packages/17/d8/910a58698d722120f2401c3bfeb6018361d92f3b2814caae839f54693305/winrt_windows_ui_notifications-3.2.1-cp314-cp314-win_amd64.whl", hash = "sha256:943599c727abf710ae94644b1d521e11857bd568e080e894a8be11aa717e383a", size = 170152, upload-time = "2025-09-20T07:19:11.05Z" },
    { url = "https://files.pythonhosted.org/packages/b5/a3/1db0f2ec28a4eadd0876c0ac3a3d78514027c5afe35737b164e03c98b234/winrt_windows_ui_notifications-3.2.1-cp314-cp314-win_arm64.whl", hash = "sha256:2a496c7e796b537966df7b26753b20bc40c5c1fbe96b3b3051a1debc00b80f07", size = 163245, upload-time = "2025-09-20T07:19:12.352Z" },
]
